# THIS IS AN AUTOGENERATED FILE. DO NOT EDIT THIS FILE DIRECTLY.
# yarn lockfile v1


typeface-raleway@^0.0.75:
  version "0.0.75"
  resolved "https://registry.yarnpkg.com/typeface-raleway/-/typeface-raleway-0.0.75.tgz#cc79688aa3175452744ecd19540b54dad153e8f3"
  integrity sha512-mUvT/klCTGA2HporaIMNY3ap45YxBErxFv/1pv82LhbFdNc3m+6ddfoexP6xxwMZ5yZ2VmDhMqk1yikDEoxU/Q==
